// !$*UTF8*$!
{
	archiveVersion = 1;
	classes = {
	};
	objectVersion = 50;
	objects = {

/* Begin PBXBuildFile section */
		8C17EB5F21534AE2003B866F /* Items.swift in Sources */ = {isa = PBXBuildFile; fileRef = 8C17EB5E21534AE2003B866F /* Items.swift */; };
		8C17EB6121534C21003B866F /* User.swift in Sources */ = {isa = PBXBuildFile; fileRef = 8C17EB6021534C21003B866F /* User.swift */; };
		8C25B9A02153051A00773280 /* AppDelegate.swift in Sources */ = {isa = PBXBuildFile; fileRef = 8C25B99F2153051A00773280 /* AppDelegate.swift */; };
		8C25B9A22153051A00773280 /* ViewController.swift in Sources */ = {isa = PBXBuildFile; fileRef = 8C25B9A12153051A00773280 /* ViewController.swift */; };
		8C25B9A52153051A00773280 /* Main.storyboard in Resources */ = {isa = PBXBuildFile; fileRef = 8C25B9A32153051A00773280 /* Main.storyboard */; };
		8C25B9A72153051A00773280 /* Assets.xcassets in Resources */ = {isa = PBXBuildFile; fileRef = 8C25B9A62153051A00773280 /* Assets.xcassets */; };
		8C25B9AA2153051A00773280 /* LaunchScreen.storyboard in Resources */ = {isa = PBXBuildFile; fileRef = 8C25B9A82153051A00773280 /* LaunchScreen.storyboard */; };
		8C25B9B52153051B00773280 /* MxDonutsTests.swift in Sources */ = {isa = PBXBuildFile; fileRef = 8C25B9B42153051B00773280 /* MxDonutsTests.swift */; };
		8C25B9C02153051B00773280 /* MxDonutsUITests.swift in Sources */ = {isa = PBXBuildFile; fileRef = 8C25B9BF2153051B00773280 /* MxDonutsUITests.swift */; };
		8C25B9CE2153053400773280 /* listOfItems.txt in Resources */ = {isa = PBXBuildFile; fileRef = 8C25B9CD2153053400773280 /* listOfItems.txt */; };
		8C25B9D02153053D00773280 /* SuppliesTableViewController.swift in Sources */ = {isa = PBXBuildFile; fileRef = 8C25B9CF2153053D00773280 /* SuppliesTableViewController.swift */; };
		8C3386AA2154690C0013C9D9 /* TextFormatOfItem.swift in Sources */ = {isa = PBXBuildFile; fileRef = 8C3386A92154690C0013C9D9 /* TextFormatOfItem.swift */; };
		8C3386AC215476A50013C9D9 /* LogIn.swift in Sources */ = {isa = PBXBuildFile; fileRef = 8C3386AB215476A50013C9D9 /* LogIn.swift */; };
		8C3386AE215476BB0013C9D9 /* SignUp.swift in Sources */ = {isa = PBXBuildFile; fileRef = 8C3386AD215476BB0013C9D9 /* SignUp.swift */; };
		8C3386B2215482C80013C9D9 /* ListOfDates.swift in Sources */ = {isa = PBXBuildFile; fileRef = 8C3386B1215482C80013C9D9 /* ListOfDates.swift */; };
		8C3386B42154B2B80013C9D9 /* Record.swift in Sources */ = {isa = PBXBuildFile; fileRef = 8C3386B32154B2B80013C9D9 /* Record.swift */; };
		8C393004216C450C00925F98 /* InventoryTableViewController.swift in Sources */ = {isa = PBXBuildFile; fileRef = 8C393003216C450C00925F98 /* InventoryTableViewController.swift */; };
/* End PBXBuildFile section */

/* Begin PBXContainerItemProxy section */
		8C25B9B12153051B00773280 /* PBXContainerItemProxy */ = {
			isa = PBXContainerItemProxy;
			containerPortal = 8C25B9942153051A00773280 /* Project object */;
			proxyType = 1;
			remoteGlobalIDString = 8C25B99B2153051A00773280;
			remoteInfo = MxDonuts;
		};
		8C25B9BC2153051B00773280 /* PBXContainerItemProxy */ = {
			isa = PBXContainerItemProxy;
			containerPortal = 8C25B9942153051A00773280 /* Project object */;
			proxyType = 1;
			remoteGlobalIDString = 8C25B99B2153051A00773280;
			remoteInfo = MxDonuts;
		};
/* End PBXContainerItemProxy section */

/* Begin PBXFileReference section */
		8C043F2A2155BB75006FA92E /* MxDonuts.entitlements */ = {isa = PBXFileReference; lastKnownFileType = text.plist.entitlements; path = MxDonuts.entitlements; sourceTree = "<group>"; };
		8C17EB5E21534AE2003B866F /* Items.swift */ = {isa = PBXFileReference; lastKnownFileType = sourcecode.swift; path = Items.swift; sourceTree = "<group>"; };
		8C17EB6021534C21003B866F /* User.swift */ = {isa = PBXFileReference; lastKnownFileType = sourcecode.swift; path = User.swift; sourceTree = "<group>"; };
		8C25B99F2153051A00773280 /* AppDelegate.swift */ = {isa = PBXFileReference; lastKnownFileType = sourcecode.swift; path = AppDelegate.swift; sourceTree = "<group>"; };
		8C25B9A12153051A00773280 /* ViewController.swift */ = {isa = PBXFileReference; lastKnownFileType = sourcecode.swift; path = ViewController.swift; sourceTree = "<group>"; };
		8C25B9A42153051A00773280 /* Base */ = {isa = PBXFileReference; lastKnownFileType = file.storyboard; name = Base; path = Base.lproj/Main.storyboard; sourceTree = "<group>"; };
		8C25B9A62153051A00773280 /* Assets.xcassets */ = {isa = PBXFileReference; lastKnownFileType = folder.assetcatalog; path = Assets.xcassets; sourceTree = "<group>"; };
		8C25B9A92153051A00773280 /* Base */ = {isa = PBXFileReference; lastKnownFileType = file.storyboard; name = Base; path = Base.lproj/LaunchScreen.storyboard; sourceTree = "<group>"; };
		8C25B9AB2153051A00773280 /* Info.plist */ = {isa = PBXFileReference; lastKnownFileType = text.plist.xml; path = Info.plist; sourceTree = "<group>"; };
		8C25B9B42153051B00773280 /* MxDonutsTests.swift */ = {isa = PBXFileReference; lastKnownFileType = sourcecode.swift; path = MxDonutsTests.swift; sourceTree = "<group>"; };
		8C25B9B62153051B00773280 /* Info.plist */ = {isa = PBXFileReference; lastKnownFileType = text.plist.xml; path = Info.plist; sourceTree = "<group>"; };
		8C25B9BF2153051B00773280 /* MxDonutsUITests.swift */ = {isa = PBXFileReference; lastKnownFileType = sourcecode.swift; path = MxDonutsUITests.swift; sourceTree = "<group>"; };
		8C25B9C12153051B00773280 /* Info.plist */ = {isa = PBXFileReference; lastKnownFileType = text.plist.xml; path = Info.plist; sourceTree = "<group>"; };
		8C25B9CD2153053400773280 /* listOfItems.txt */ = {isa = PBXFileReference; fileEncoding = 4; lastKnownFileType = text; path = listOfItems.txt; sourceTree = "<group>"; };
		8C25B9CF2153053D00773280 /* SuppliesTableViewController.swift */ = {isa = PBXFileReference; fileEncoding = 4; lastKnownFileType = sourcecode.swift; path = SuppliesTableViewController.swift; sourceTree = "<group>"; };
		8C3386A92154690C0013C9D9 /* TextFormatOfItem.swift */ = {isa = PBXFileReference; lastKnownFileType = sourcecode.swift; path = TextFormatOfItem.swift; sourceTree = "<group>"; };
		8C3386AB215476A50013C9D9 /* LogIn.swift */ = {isa = PBXFileReference; lastKnownFileType = sourcecode.swift; path = LogIn.swift; sourceTree = "<group>"; };
		8C3386AD215476BB0013C9D9 /* SignUp.swift */ = {isa = PBXFileReference; lastKnownFileType = sourcecode.swift; path = SignUp.swift; sourceTree = "<group>"; };
		8C3386B1215482C80013C9D9 /* ListOfDates.swift */ = {isa = PBXFileReference; lastKnownFileType = sourcecode.swift; path = ListOfDates.swift; sourceTree = "<group>"; };
		8C3386B32154B2B80013C9D9 /* Record.swift */ = {isa = PBXFileReference; lastKnownFileType = sourcecode.swift; path = Record.swift; sourceTree = "<group>"; };
		8C393003216C450C00925F98 /* InventoryTableViewController.swift */ = {isa = PBXFileReference; lastKnownFileType = sourcecode.swift; path = InventoryTableViewController.swift; sourceTree = "<group>"; };
		8CA53F6221C1C6EF000E6A25 /* MxDonuts.app */ = {isa = PBXFileReference; explicitFileType = wrapper.application; includeInIndex = 0; path = MxDonuts.app; sourceTree = BUILT_PRODUCTS_DIR; };
		8CA53F6321C1C6EF000E6A25 /* MxDonutsTests.xctest */ = {isa = PBXFileReference; explicitFileType = wrapper.cfbundle; includeInIndex = 0; path = MxDonutsTests.xctest; sourceTree = BUILT_PRODUCTS_DIR; };
		8CA53F6421C1C6EF000E6A25 /* MxDonutsUITests.xctest */ = {isa = PBXFileReference; explicitFileType = wrapper.cfbundle; includeInIndex = 0; path = MxDonutsUITests.xctest; sourceTree = BUILT_PRODUCTS_DIR; };
/* End PBXFileReference section */

/* Begin PBXFrameworksBuildPhase section */
		8C25B9992153051A00773280 /* Frameworks */ = {
			isa = PBXFrameworksBuildPhase;
			buildActionMask = 2147483647;
			files = (
			);
			runOnlyForDeploymentPostprocessing = 0;
		};
		8C25B9AD2153051B00773280 /* Frameworks */ = {
			isa = PBXFrameworksBuildPhase;
			buildActionMask = 2147483647;
			files = (
			);
			runOnlyForDeploymentPostprocessing = 0;
		};
		8C25B9B82153051B00773280 /* Frameworks */ = {
			isa = PBXFrameworksBuildPhase;
			buildActionMask = 2147483647;
			files = (
			);
			runOnlyForDeploymentPostprocessing = 0;
		};
/* End PBXFrameworksBuildPhase section */

/* Begin PBXGroup section */
		8C25B9932153051A00773280 = {
			isa = PBXGroup;
			children = (
				8C25B99E2153051A00773280 /* MxDonuts */,
				8C25B9B32153051B00773280 /* MxDonutsTests */,
				8C25B9BE2153051B00773280 /* MxDonutsUITests */,
				8CA53F6221C1C6EF000E6A25 /* MxDonuts.app */,
				8CA53F6321C1C6EF000E6A25 /* MxDonutsTests.xctest */,
				8CA53F6421C1C6EF000E6A25 /* MxDonutsUITests.xctest */,
			);
			sourceTree = "<group>";
		};
		8C25B99E2153051A00773280 /* MxDonuts */ = {
			isa = PBXGroup;
			children = (
				8C043F2A2155BB75006FA92E /* MxDonuts.entitlements */,
				8CA53F6521C1C6FD000E6A25 /* Model */,
				8C25B99F2153051A00773280 /* AppDelegate.swift */,
				8C25B9A12153051A00773280 /* ViewController.swift */,
				8C393003216C450C00925F98 /* InventoryTableViewController.swift */,
				8C25B9CD2153053400773280 /* listOfItems.txt */,
				8C25B9CF2153053D00773280 /* SuppliesTableViewController.swift */,
				8C25B9A32153051A00773280 /* Main.storyboard */,
				8C3386B1215482C80013C9D9 /* ListOfDates.swift */,
				8C3386AB215476A50013C9D9 /* LogIn.swift */,
				8C3386AD215476BB0013C9D9 /* SignUp.swift */,
				8C3386A92154690C0013C9D9 /* TextFormatOfItem.swift */,
				8C25B9A62153051A00773280 /* Assets.xcassets */,
				8C25B9A82153051A00773280 /* LaunchScreen.storyboard */,
				8C25B9AB2153051A00773280 /* Info.plist */,
			);
			path = MxDonuts;
			sourceTree = "<group>";
		};
		8C25B9B32153051B00773280 /* MxDonutsTests */ = {
			isa = PBXGroup;
			children = (
				8C25B9B42153051B00773280 /* MxDonutsTests.swift */,
				8C25B9B62153051B00773280 /* Info.plist */,
			);
			path = MxDonutsTests;
			sourceTree = "<group>";
		};
		8C25B9BE2153051B00773280 /* MxDonutsUITests */ = {
			isa = PBXGroup;
			children = (
				8C25B9BF2153051B00773280 /* MxDonutsUITests.swift */,
				8C25B9C12153051B00773280 /* Info.plist */,
			);
			path = MxDonutsUITests;
			sourceTree = "<group>";
		};
		8CA53F6521C1C6FD000E6A25 /* Model */ = {
			isa = PBXGroup;
			children = (
				8C17EB6021534C21003B866F /* User.swift */,
				8C17EB5E21534AE2003B866F /* Items.swift */,
				8C3386B32154B2B80013C9D9 /* Record.swift */,
			);
			path = Model;
			sourceTree = "<group>";
		};
/* End PBXGroup section */

/* Begin PBXNativeTarget section */
		8C25B99B2153051A00773280 /* MxDonuts */ = {
			isa = PBXNativeTarget;
			buildConfigurationList = 8C25B9C42153051B00773280 /* Build configuration list for PBXNativeTarget "MxDonuts" */;
			buildPhases = (
				8C25B9982153051A00773280 /* Sources */,
				8C25B9992153051A00773280 /* Frameworks */,
				8C25B99A2153051A00773280 /* Resources */,
			);
			buildRules = (
			);
			dependencies = (
			);
			name = MxDonuts;
			productName = MxDonuts;
			productReference = 8CA53F6221C1C6EF000E6A25 /* MxDonuts.app */;
			productType = "com.apple.product-type.application";
		};
		8C25B9AF2153051B00773280 /* MxDonutsTests */ = {
			isa = PBXNativeTarget;
			buildConfigurationList = 8C25B9C72153051B00773280 /* Build configuration list for PBXNativeTarget "MxDonutsTests" */;
			buildPhases = (
				8C25B9AC2153051B00773280 /* Sources */,
				8C25B9AD2153051B00773280 /* Frameworks */,
				8C25B9AE2153051B00773280 /* Resources */,
			);
			buildRules = (
			);
			dependencies = (
				8C25B9B22153051B00773280 /* PBXTargetDependency */,
			);
			name = MxDonutsTests;
			productName = MxDonutsTests;
			productReference = 8CA53F6321C1C6EF000E6A25 /* MxDonutsTests.xctest */;
			productType = "com.apple.product-type.bundle.unit-test";
		};
		8C25B9BA2153051B00773280 /* MxDonutsUITests */ = {
			isa = PBXNativeTarget;
			buildConfigurationList = 8C25B9CA2153051B00773280 /* Build configuration list for PBXNativeTarget "MxDonutsUITests" */;
			buildPhases = (
				8C25B9B72153051B00773280 /* Sources */,
				8C25B9B82153051B00773280 /* Frameworks */,
				8C25B9B92153051B00773280 /* Resources */,
			);
			buildRules = (
			);
			dependencies = (
				8C25B9BD2153051B00773280 /* PBXTargetDependency */,
			);
			name = MxDonutsUITests;
			productName = MxDonutsUITests;
			productReference = 8CA53F6421C1C6EF000E6A25 /* MxDonutsUITests.xctest */;
			productType = "com.apple.product-type.bundle.ui-testing";
		};
/* End PBXNativeTarget section */

/* Begin PBXProject section */
		8C25B9942153051A00773280 /* Project object */ = {
			isa = PBXProject;
			attributes = {
				LastSwiftUpdateCheck = 1000;
				LastUpgradeCheck = 1000;
				ORGANIZATIONNAME = LiyaNorng;
				TargetAttributes = {
					8C25B99B2153051A00773280 = {
						CreatedOnToolsVersion = 10.0;
						SystemCapabilities = {
							com.apple.ApplicationGroups.iOS = {
								enabled = 0;
							};
							com.apple.DataProtection = {
								enabled = 0;
							};
						};
					};
					8C25B9AF2153051B00773280 = {
						CreatedOnToolsVersion = 10.0;
						TestTargetID = 8C25B99B2153051A00773280;
					};
					8C25B9BA2153051B00773280 = {
						CreatedOnToolsVersion = 10.0;
						TestTargetID = 8C25B99B2153051A00773280;
					};
				};
			};
			buildConfigurationList = 8C25B9972153051A00773280 /* Build configuration list for PBXProject "MxDonuts" */;
			compatibilityVersion = "Xcode 9.3";
			developmentRegion = en;
			hasScannedForEncodings = 0;
			knownRegions = (
				en,
				Base,
			);
			mainGroup = 8C25B9932153051A00773280;
			productRefGroup = 8C25B9932153051A00773280;
			projectDirPath = "";
			projectRoot = "";
			targets = (
				8C25B99B2153051A00773280 /* MxDonuts */,
				8C25B9AF2153051B00773280 /* MxDonutsTests */,
				8C25B9BA2153051B00773280 /* MxDonutsUITests */,
			);
		};
/* End PBXProject section */

/* Begin PBXResourcesBuildPhase section */
		8C25B99A2153051A00773280 /* Resources */ = {
			isa = PBXResourcesBuildPhase;
			buildActionMask = 2147483647;
			files = (
				8C25B9CE2153053400773280 /* listOfItems.txt in Resources */,
				8C25B9AA2153051A00773280 /* LaunchScreen.storyboard in Resources */,
				8C25B9A72153051A00773280 /* Assets.xcassets in Resources */,
				8C25B9A52153051A00773280 /* Main.storyboard in Resources */,
			);
			runOnlyForDeploymentPostprocessing = 0;
		};
		8C25B9AE2153051B00773280 /* Resources */ = {
			isa = PBXResourcesBuildPhase;
			buildActionMask = 2147483647;
			files = (
			);
			runOnlyForDeploymentPostprocessing = 0;
		};
		8C25B9B92153051B00773280 /* Resources */ = {
			isa = PBXResourcesBuildPhase;
			buildActionMask = 2147483647;
			files = (
			);
			runOnlyForDeploymentPostprocessing = 0;
		};
/* End PBXResourcesBuildPhase section */

/* Begin PBXSourcesBuildPhase section */
		8C25B9982153051A00773280 /* Sources */ = {
			isa = PBXSourcesBuildPhase;
			buildActionMask = 2147483647;
			files = (
				8C3386B2215482C80013C9D9 /* ListOfDates.swift in Sources */,
				8C17EB5F21534AE2003B866F /* Items.swift in Sources */,
				8C393004216C450C00925F98 /* InventoryTableViewController.swift in Sources */,
				8C25B9D02153053D00773280 /* SuppliesTableViewController.swift in Sources */,
				8C3386AA2154690C0013C9D9 /* TextFormatOfItem.swift in Sources */,
				8C25B9A22153051A00773280 /* ViewController.swift in Sources */,
				8C3386B42154B2B80013C9D9 /* Record.swift in Sources */,
				8C17EB6121534C21003B866F /* User.swift in Sources */,
				8C25B9A02153051A00773280 /* AppDelegate.swift in Sources */,
				8C3386AE215476BB0013C9D9 /* SignUp.swift in Sources */,
				8C3386AC215476A50013C9D9 /* LogIn.swift in Sources */,
			);
			runOnlyForDeploymentPostprocessing = 0;
		};
		8C25B9AC2153051B00773280 /* Sources */ = {
			isa = PBXSourcesBuildPhase;
			buildActionMask = 2147483647;
			files = (
				8C25B9B52153051B00773280 /* MxDonutsTests.swift in Sources */,
			);
			runOnlyForDeploymentPostprocessing = 0;
		};
		8C25B9B72153051B00773280 /* Sources */ = {
			isa = PBXSourcesBuildPhase;
			buildActionMask = 2147483647;
			files = (
				8C25B9C02153051B00773280 /* MxDonutsUITests.swift in Sources */,
			);
			runOnlyForDeploymentPostprocessing = 0;
		};
/* End PBXSourcesBuildPhase section */

/* Begin PBXTargetDependency section */
		8C25B9B22153051B00773280 /* PBXTargetDependency */ = {
			isa = PBXTargetDependency;
			target = 8C25B99B2153051A00773280 /* MxDonuts */;
			targetProxy = 8C25B9B12153051B00773280 /* PBXContainerItemProxy */;
		};
		8C25B9BD2153051B00773280 /* PBXTargetDependency */ = {
			isa = PBXTargetDependency;
			target = 8C25B99B2153051A00773280 /* MxDonuts */;
			targetProxy = 8C25B9BC2153051B00773280 /* PBXContainerItemProxy */;
		};
/* End PBXTargetDependency section */

/* Begin PBXVariantGroup section */
		8C25B9A32153051A00773280 /* Main.storyboard */ = {
			isa = PBXVariantGroup;
			children = (
				8C25B9A42153051A00773280 /* Base */,
			);
			name = Main.storyboard;
			sourceTree = "<group>";
		};
		8C25B9A82153051A00773280 /* LaunchScreen.storyboard */ = {
			isa = PBXVariantGroup;
			children = (
				8C25B9A92153051A00773280 /* Base */,
			);
			name = LaunchScreen.storyboard;
			sourceTree = "<group>";
		};
/* End PBXVariantGroup section */

/* Begin XCBuildConfiguration section */
		8C25B9C22153051B00773280 /* Debug */ = {
			isa = XCBuildConfiguration;
			buildSettings = {
				ALWAYS_SEARCH_USER_PATHS = NO;
				CLANG_ANALYZER_NONNULL = YES;
				CLANG_ANALYZER_NUMBER_OBJECT_CONVERSION = YES_AGGRESSIVE;
				CLANG_CXX_LANGUAGE_STANDARD = "gnu++14";
				CLANG_CXX_LIBRARY = "libc++";
				CLANG_ENABLE_MODULES = YES;
				CLANG_ENABLE_OBJC_ARC = YES;
				CLANG_ENABLE_OBJC_WEAK = YES;
				CLANG_WARN_BLOCK_CAPTURE_AUTORELEASING = YES;
				CLANG_WARN_BOOL_CONVERSION = YES;
				CLANG_WARN_COMMA = YES;
				CLANG_WARN_CONSTANT_CONVERSION = YES;
				CLANG_WARN_DEPRECATED_OBJC_IMPLEMENTATIONS = YES;
				CLANG_WARN_DIRECT_OBJC_ISA_USAGE = YES_ERROR;
				CLANG_WARN_DOCUMENTATION_COMMENTS = YES;
				CLANG_WARN_EMPTY_BODY = YES;
				CLANG_WARN_ENUM_CONVERSION = YES;
				CLANG_WARN_INFINITE_RECURSION = YES;
				CLANG_WARN_INT_CONVERSION = YES;
				CLANG_WARN_NON_LITERAL_NULL_CONVERSION = YES;
				CLANG_WARN_OBJC_IMPLICIT_RETAIN_SELF = YES;
				CLANG_WARN_OBJC_LITERAL_CONVERSION = YES;
				CLANG_WARN_OBJC_ROOT_CLASS = YES_ERROR;
				CLANG_WARN_RANGE_LOOP_ANALYSIS = YES;
				CLANG_WARN_STRICT_PROTOTYPES = YES;
				CLANG_WARN_SUSPICIOUS_MOVE = YES;
				CLANG_WARN_UNGUARDED_AVAILABILITY = YES_AGGRESSIVE;
				CLANG_WARN_UNREACHABLE_CODE = YES;
				CLANG_WARN__DUPLICATE_METHOD_MATCH = YES;
				CODE_SIGN_IDENTITY = "iPhone Developer";
				COPY_PHASE_STRIP = NO;
				DEBUG_INFORMATION_FORMAT = dwarf;
				ENABLE_STRICT_OBJC_MSGSEND = YES;
				ENABLE_TESTABILITY = YES;
				GCC_C_LANGUAGE_STANDARD = gnu11;
				GCC_DYNAMIC_NO_PIC = NO;
				GCC_NO_COMMON_BLOCKS = YES;
				GCC_OPTIMIZATION_LEVEL = 0;
				GCC_PREPROCESSOR_DEFINITIONS = (
					"DEBUG=1",
					"$(inherited)",
				);
				GCC_WARN_64_TO_32_BIT_CONVERSION = YES;
				GCC_WARN_ABOUT_RETURN_TYPE = YES_ERROR;
				GCC_WARN_UNDECLARED_SELECTOR = YES;
				GCC_WARN_UNINITIALIZED_AUTOS = YES_AGGRESSIVE;
				GCC_WARN_UNUSED_FUNCTION = YES;
				GCC_WARN_UNUSED_VARIABLE = YES;
				IPHONEOS_DEPLOYMENT_TARGET = 12.0;
				MTL_ENABLE_DEBUG_INFO = INCLUDE_SOURCE;
				MTL_FAST_MATH = YES;
				ONLY_ACTIVE_ARCH = YES;
				SDKROOT = iphoneos;
				SWIFT_ACTIVE_COMPILATION_CONDITIONS = DEBUG;
				SWIFT_OPTIMIZATION_LEVEL = "-Onone";
			};
			name = Debug;
		};
		8C25B9C32153051B00773280 /* Release */ = {
			isa = XCBuildConfiguration;
			buildSettings = {
				ALWAYS_SEARCH_USER_PATHS = NO;
				CLANG_ANALYZER_NONNULL = YES;
				CLANG_ANALYZER_NUMBER_OBJECT_CONVERSION = YES_AGGRESSIVE;
				CLANG_CXX_LANGUAGE_STANDARD = "gnu++14";
				CLANG_CXX_LIBRARY = "libc++";
				CLANG_ENABLE_MODULES = YES;
				CLANG_ENABLE_OBJC_ARC = YES;
				CLANG_ENABLE_OBJC_WEAK = YES;
				CLANG_WARN_BLOCK_CAPTURE_AUTORELEASING = YES;
				CLANG_WARN_BOOL_CONVERSION = YES;
				CLANG_WARN_COMMA = YES;
				CLANG_WARN_CONSTANT_CONVERSION = YES;
				CLANG_WARN_DEPRECATED_OBJC_IMPLEMENTATIONS = YES;
				CLANG_WARN_DIRECT_OBJC_ISA_USAGE = YES_ERROR;
				CLANG_WARN_DOCUMENTATION_COMMENTS = YES;
				CLANG_WARN_EMPTY_BODY = YES;
				CLANG_WARN_ENUM_CONVERSION = YES;
				CLANG_WARN_INFINITE_RECURSION = YES;
				CLANG_WARN_INT_CONVERSION = YES;
				CLANG_WARN_NON_LITERAL_NULL_CONVERSION = YES;
				CLANG_WARN_OBJC_IMPLICIT_RETAIN_SELF = YES;
				CLANG_WARN_OBJC_LITERAL_CONVERSION = YES;
				CLANG_WARN_OBJC_ROOT_CLASS = YES_ERROR;
				CLANG_WARN_RANGE_LOOP_ANALYSIS = YES;
				CLANG_WARN_STRICT_PROTOTYPES = YES;
				CLANG_WARN_SUSPICIOUS_MOVE = YES;
				CLANG_WARN_UNGUARDED_AVAILABILITY = YES_AGGRESSIVE;
				CLANG_WARN_UNREACHABLE_CODE = YES;
				CLANG_WARN__DUPLICATE_METHOD_MATCH = YES;
				CODE_SIGN_IDENTITY = "iPhone Developer";
				COPY_PHASE_STRIP = NO;
				DEBUG_INFORMATION_FORMAT = "dwarf-with-dsym";
				ENABLE_NS_ASSERTIONS = NO;
				ENABLE_STRICT_OBJC_MSGSEND = YES;
				GCC_C_LANGUAGE_STANDARD = gnu11;
				GCC_NO_COMMON_BLOCKS = YES;
				GCC_WARN_64_TO_32_BIT_CONVERSION = YES;
				GCC_WARN_ABOUT_RETURN_TYPE = YES_ERROR;
				GCC_WARN_UNDECLARED_SELECTOR = YES;
				GCC_WARN_UNINITIALIZED_AUTOS = YES_AGGRESSIVE;
				GCC_WARN_UNUSED_FUNCTION = YES;
				GCC_WARN_UNUSED_VARIABLE = YES;
				IPHONEOS_DEPLOYMENT_TARGET = 12.0;
				MTL_ENABLE_DEBUG_INFO = NO;
				MTL_FAST_MATH = YES;
				SDKROOT = iphoneos;
				SWIFT_COMPILATION_MODE = wholemodule;
				SWIFT_OPTIMIZATION_LEVEL = "-O";
				VALIDATE_PRODUCT = YES;
			};
			name = Release;
		};
		8C25B9C52153051B00773280 /* Debug */ = {
			isa = XCBuildConfiguration;
			buildSettings = {
				ASSETCATALOG_COMPILER_APPICON_NAME = AppIcon;
				CODE_SIGN_IDENTITY = "iPhone Developer";
				CODE_SIGN_STYLE = Automatic;
				DEVELOPMENT_TEAM = 8475XEKZ5A;
				INFOPLIST_FILE = MxDonuts/Info.plist;
				IPHONEOS_DEPLOYMENT_TARGET = 11.4;
				LD_RUNPATH_SEARCH_PATHS = (
					"$(inherited)",
					"@executable_path/Frameworks",
				);
				PRODUCT_BUNDLE_IDENTIFIER = "Ah-i.MxDonuts";
				PRODUCT_NAME = "$(TARGET_NAME)";
				PROVISIONING_PROFILE_SPECIFIER = "";
				SWIFT_VERSION = 4.2;
				TARGETED_DEVICE_FAMILY = "1,2";
			};
			name = Debug;
		};
		8C25B9C62153051B00773280 /* Release */ = {
			isa = XCBuildConfiguration;
			buildSettings = {
				ASSETCATALOG_COMPILER_APPICON_NAME = AppIcon;
				CODE_SIGN_IDENTITY = "iPhone Developer";
				CODE_SIGN_STYLE = Automatic;
				DEVELOPMENT_TEAM = 8475XEKZ5A;
				INFOPLIST_FILE = MxDonuts/Info.plist;
				IPHONEOS_DEPLOYMENT_TARGET = 11.4;
				LD_RUNPATH_SEARCH_PATHS = (
					"$(inherited)",
					"@executable_path/Frameworks",
				);
				PRODUCT_BUNDLE_IDENTIFIER = "Ah-i.MxDonuts";
				PRODUCT_NAME = "$(TARGET_NAME)";
				PROVISIONING_PROFILE_SPECIFIER = "";
				SWIFT_VERSION = 4.2;
				TARGETED_DEVICE_FAMILY = "1,2";
			};
			name = Release;
		};
		8C25B9C82153051B00773280 /* Debug */ = {
			isa = XCBuildConfiguration;
			buildSettings = {
				ALWAYS_EMBED_SWIFT_STANDARD_LIBRARIES = YES;
				BUNDLE_LOADER = "$(TEST_HOST)";
				CODE_SIGN_STYLE = Automatic;
				INFOPLIST_FILE = MxDonutsTests/Info.plist;
				LD_RUNPATH_SEARCH_PATHS = (
					"$(inherited)",
					"@executable_path/Frameworks",
					"@loader_path/Frameworks",
				);
				PRODUCT_BUNDLE_IDENTIFIER = "Ah-i.MxDonutsTests";
				PRODUCT_NAME = "$(TARGET_NAME)";
				SWIFT_VERSION = 4.2;
				TARGETED_DEVICE_FAMILY = "1,2";
				TEST_HOST = "$(BUILT_PRODUCTS_DIR)/MxDonuts.app/MxDonuts";
			};
			name = Debug;
		};
		8C25B9C92153051B00773280 /* Release */ = {
			isa = XCBuildConfiguration;
			buildSettings = {
				ALWAYS_EMBED_SWIFT_STANDARD_LIBRARIES = YES;
				BUNDLE_LOADER = "$(TEST_HOST)";
				CODE_SIGN_STYLE = Automatic;
				INFOPLIST_FILE = MxDonutsTests/Info.plist;
				LD_RUNPATH_SEARCH_PATHS = (
					"$(inherited)",
					"@executable_path/Frameworks",
					"@loader_path/Frameworks",
				);
				PRODUCT_BUNDLE_IDENTIFIER = "Ah-i.MxDonutsTests";
				PRODUCT_NAME = "$(TARGET_NAME)";
				SWIFT_VERSION = 4.2;
				TARGETED_DEVICE_FAMILY = "1,2";
				TEST_HOST = "$(BUILT_PRODUCTS_DIR)/MxDonuts.app/MxDonuts";
			};
			name = Release;
		};
		8C25B9CB2153051B00773280 /* Debug */ = {
			isa = XCBuildConfiguration;
			buildSettings = {
				ALWAYS_EMBED_SWIFT_STANDARD_LIBRARIES = YES;
				CODE_SIGN_STYLE = Automatic;
				INFOPLIST_FILE = MxDonutsUITests/Info.plist;
				LD_RUNPATH_SEARCH_PATHS = (
					"$(inherited)",
					"@executable_path/Frameworks",
					"@loader_path/Frameworks",
				);
				PRODUCT_BUNDLE_IDENTIFIER = "Ah-i.MxDonutsUITests";
				PRODUCT_NAME = "$(TARGET_NAME)";
				SWIFT_VERSION = 4.2;
				TARGETED_DEVICE_FAMILY = "1,2";
				TEST_TARGET_NAME = MxDonuts;
			};
			name = Debug;
		};
		8C25B9CC2153051B00773280 /* Release */ = {
			isa = XCBuildConfiguration;
			buildSettings = {
				ALWAYS_EMBED_SWIFT_STANDARD_LIBRARIES = YES;
				CODE_SIGN_STYLE = Automatic;
				INFOPLIST_FILE = MxDonutsUITests/Info.plist;
				LD_RUNPATH_SEARCH_PATHS = (
					"$(inherited)",
					"@executable_path/Frameworks",
					"@loader_path/Frameworks",
				);
				PRODUCT_BUNDLE_IDENTIFIER = "Ah-i.MxDonutsUITests";
				PRODUCT_NAME = "$(TARGET_NAME)";
				SWIFT_VERSION = 4.2;
				TARGETED_DEVICE_FAMILY = "1,2";
				TEST_TARGET_NAME = MxDonuts;
			};
			name = Release;
		};
/* End XCBuildConfiguration section */

/* Begin XCConfigurationList section */
		8C25B9972153051A00773280 /* Build configuration list for PBXProject "MxDonuts" */ = {
			isa = XCConfigurationList;
			buildConfigurations = (
				8C25B9C22153051B00773280 /* Debug */,
				8C25B9C32153051B00773280 /* Release */,
			);
			defaultConfigurationIsVisible = 0;
			defaultConfigurationName = Release;
		};
		8C25B9C42153051B00773280 /* Build configuration list for PBXNativeTarget "MxDonuts" */ = {
			isa = XCConfigurationList;
			buildConfigurations = (
				8C25B9C52153051B00773280 /* Debug */,
				8C25B9C62153051B00773280 /* Release */,
			);
			defaultConfigurationIsVisible = 0;
			defaultConfigurationName = Release;
		};
		8C25B9C72153051B00773280 /* Build configuration list for PBXNativeTarget "MxDonutsTests" */ = {
			isa = XCConfigurationList;
			buildConfigurations = (
				8C25B9C82153051B00773280 /* Debug */,
				8C25B9C92153051B00773280 /* Release */,
			);
			defaultConfigurationIsVisible = 0;
			defaultConfigurationName = Release;
		};
		8C25B9CA2153051B00773280 /* Build configuration list for PBXNativeTarget "MxDonutsUITests" */ = {
			isa = XCConfigurationList;
			buildConfigurations = (
				8C25B9CB2153051B00773280 /* Debug */,
				8C25B9CC2153051B00773280 /* Release */,
			);
			defaultConfigurationIsVisible = 0;
			defaultConfigurationName = Release;
		};
/* End XCConfigurationList section */
	};
	rootObject = 8C25B9942153051A00773280 /* Project object */;
}
